
Microsoft Visual Studio Solution File, Format Version 12.00
# Visual Studio Version 16
VisualStudioVersion = 16.0.30204.135
MinimumVisualStudioVersion = 10.0.40219.1
Project("{FAE04EC0-301F-11D3-BF4B-00C04F79EFBC}") = "SampleApiConsumer", "SampleApiConsumer\SampleApiConsumer.csproj", "{5E71C766-832F-4406-90CD-5EFA5F8C9617}"
EndProject
Global
	GlobalSection(SolutionConfigurationPlatforms) = preSolution
		Debug|Any CPU = Debug|Any CPU
		Release|Any CPU = Release|Any CPU
	EndGlobalSection
	GlobalSection(ProjectConfigurationPlatforms) = postSolution
		{5E71C766-832F-4406-90CD-5EFA5F8C9617}.Debug|Any CPU.ActiveCfg = Debug|Any CPU
		{5E71C766-832F-4406-90CD-5EFA5F8C9617}.Debug|Any CPU.Build.0 = Debug|Any CPU
		{5E71C766-832F-4406-90CD-5EFA5F8C9617}.Release|Any CPU.ActiveCfg = Release|Any CPU
		{5E71C766-832F-4406-90CD-5EFA5F8C9617}.Release|Any CPU.Build.0 = Release|Any CPU
	EndGlobalSection
	GlobalSection(SolutionProperties) = preSolution
		HideSolutionNode = FALSE
	EndGlobalSection
	GlobalSection(ExtensibilityGlobals) = postSolution
		SolutionGuid = {80F153EF-9904-4F2B-80D1-D919830F8E4D}
	EndGlobalSection
EndGlobal
